
Microsoft Visual Studio Solution File, Format Version 12.00
# Visual Studio Version 17
VisualStudioVersion = 17.10.35122.118
MinimumVisualStudioVersion = 10.0.40219.1
Project("{FAE04EC0-301F-11D3-BF4B-00C04F79EFBC}") = "Tic-Tac-Toe Game", "Tic-Tac-Toe Game.csproj", "{76A02EFE-7187-448F-870C-2E493E07696C}"
EndProject
Global
	GlobalSection(SolutionConfigurationPlatforms) = preSolution
		Debug|Any CPU = Debug|Any CPU
		Release|Any CPU = Release|Any CPU
	EndGlobalSection
	GlobalSection(ProjectConfigurationPlatforms) = postSolution
		{76A02EFE-7187-448F-870C-2E493E07696C}.Debug|Any CPU.ActiveCfg = Debug|Any CPU
		{76A02EFE-7187-448F-870C-2E493E07696C}.Debug|Any CPU.Build.0 = Debug|Any CPU
		{76A02EFE-7187-448F-870C-2E493E07696C}.Release|Any CPU.ActiveCfg = Release|Any CPU
		{76A02EFE-7187-448F-870C-2E493E07696C}.Release|Any CPU.Build.0 = Release|Any CPU
	EndGlobalSection
	GlobalSection(SolutionProperties) = preSolution
		HideSolutionNode = FALSE
	EndGlobalSection
	GlobalSection(ExtensibilityGlobals) = postSolution
		SolutionGuid = {498A2821-29FC-4423-98A2-F473F581BC5D}
	EndGlobalSection
EndGlobal
